
Microsoft Visual Studio Solution File, Format Version 12.00
# Visual Studio Version 17
VisualStudioVersion = 17.8.34004.107
MinimumVisualStudioVersion = 10.0.40219.1
Project("{FAE04EC0-301F-11D3-BF4B-00C04F79EFBC}") = "26-9", "26-9.csproj", "{A5E662F9-5564-4ADA-828B-FDDD488ABE9C}"
EndProject
Global
	GlobalSection(SolutionConfigurationPlatforms) = preSolution
		Debug|Any CPU = Debug|Any CPU
		Release|Any CPU = Release|Any CPU
	EndGlobalSection
	GlobalSection(ProjectConfigurationPlatforms) = postSolution
		{A5E662F9-5564-4ADA-828B-FDDD488ABE9C}.Debug|Any CPU.ActiveCfg = Debug|Any CPU
		{A5E662F9-5564-4ADA-828B-FDDD488ABE9C}.Debug|Any CPU.Build.0 = Debug|Any CPU
		{A5E662F9-5564-4ADA-828B-FDDD488ABE9C}.Release|Any CPU.ActiveCfg = Release|Any CPU
		{A5E662F9-5564-4ADA-828B-FDDD488ABE9C}.Release|Any CPU.Build.0 = Release|Any CPU
	EndGlobalSection
	GlobalSection(SolutionProperties) = preSolution
		HideSolutionNode = FALSE
	EndGlobalSection
	GlobalSection(ExtensibilityGlobals) = postSolution
		SolutionGuid = {954B8D9C-FF40-4DD9-9C6C-6ECE53DDB671}
	EndGlobalSection
EndGlobal
