
Microsoft Visual Studio Solution File, Format Version 12.00
# Visual Studio Version 17
VisualStudioVersion = 17.8.34004.107
MinimumVisualStudioVersion = 10.0.40219.1
Project("{FAE04EC0-301F-11D3-BF4B-00C04F79EFBC}") = "Test26-9", "Test26-9.csproj", "{788FF884-2FFE-4119-8FD3-351BB303456E}"
EndProject
Global
	GlobalSection(SolutionConfigurationPlatforms) = preSolution
		Debug|Any CPU = Debug|Any CPU
		Release|Any CPU = Release|Any CPU
	EndGlobalSection
	GlobalSection(ProjectConfigurationPlatforms) = postSolution
		{788FF884-2FFE-4119-8FD3-351BB303456E}.Debug|Any CPU.ActiveCfg = Debug|Any CPU
		{788FF884-2FFE-4119-8FD3-351BB303456E}.Debug|Any CPU.Build.0 = Debug|Any CPU
		{788FF884-2FFE-4119-8FD3-351BB303456E}.Release|Any CPU.ActiveCfg = Release|Any CPU
		{788FF884-2FFE-4119-8FD3-351BB303456E}.Release|Any CPU.Build.0 = Release|Any CPU
	EndGlobalSection
	GlobalSection(SolutionProperties) = preSolution
		HideSolutionNode = FALSE
	EndGlobalSection
	GlobalSection(ExtensibilityGlobals) = postSolution
		SolutionGuid = {CC4724AD-26BD-4193-84E7-744EFA703D16}
	EndGlobalSection
EndGlobal
