
Microsoft Visual Studio Solution File, Format Version 12.00
# Visual Studio Version 17
VisualStudioVersion = 17.8.34004.107
MinimumVisualStudioVersion = 10.0.40219.1
Project("{FAE04EC0-301F-11D3-BF4B-00C04F79EFBC}") = "Menu26-9", "Menu26-9.csproj", "{27C294E2-53DB-4523-ADC3-837C58284DCA}"
EndProject
Global
	GlobalSection(SolutionConfigurationPlatforms) = preSolution
		Debug|Any CPU = Debug|Any CPU
		Release|Any CPU = Release|Any CPU
	EndGlobalSection
	GlobalSection(ProjectConfigurationPlatforms) = postSolution
		{27C294E2-53DB-4523-ADC3-837C58284DCA}.Debug|Any CPU.ActiveCfg = Debug|Any CPU
		{27C294E2-53DB-4523-ADC3-837C58284DCA}.Debug|Any CPU.Build.0 = Debug|Any CPU
		{27C294E2-53DB-4523-ADC3-837C58284DCA}.Release|Any CPU.ActiveCfg = Release|Any CPU
		{27C294E2-53DB-4523-ADC3-837C58284DCA}.Release|Any CPU.Build.0 = Release|Any CPU
	EndGlobalSection
	GlobalSection(SolutionProperties) = preSolution
		HideSolutionNode = FALSE
	EndGlobalSection
	GlobalSection(ExtensibilityGlobals) = postSolution
		SolutionGuid = {A3646584-5179-4735-B66C-1422E7A00A74}
	EndGlobalSection
EndGlobal
